
Microsoft Visual Studio Solution File, Format Version 12.00
# Visual Studio Version 17
VisualStudioVersion = 17.9.34223.224
MinimumVisualStudioVersion = 10.0.40219.1
Project("{9A19103F-16F7-4668-BE54-9A1E7A4F7556}") = "VsInsertions", "src\VsInsertions\VsInsertions.csproj", "{975ADD56-CBEF-46ED-88A5-AB3EC7781203}"
EndProject
Project("{9A19103F-16F7-4668-BE54-9A1E7A4F7556}") = "VsInsertions.Tests", "test\VsInsertions.Tests\VsInsertions.Tests.csproj", "{F651B044-3B24-47B3-B596-6509A567AF94}"
EndProject
Project("{2150E333-8FDC-42A3-9474-1A3956D46DE8}") = "Solution Files", "Solution Files", "{66D4E5E2-69E7-4071-96ED-6DD95FB18D18}"
	ProjectSection(SolutionItems) = preProject
		.gitignore = .gitignore
		global.json = global.json
		README.md = README.md
	EndProjectSection
EndProject
Global
	GlobalSection(SolutionConfigurationPlatforms) = preSolution
		Debug|Any CPU = Debug|Any CPU
		Release|Any CPU = Release|Any CPU
	EndGlobalSection
	GlobalSection(ProjectConfigurationPlatforms) = postSolution
		{975ADD56-CBEF-46ED-88A5-AB3EC7781203}.Debug|Any CPU.ActiveCfg = Debug|Any CPU
		{975ADD56-CBEF-46ED-88A5-AB3EC7781203}.Debug|Any CPU.Build.0 = Debug|Any CPU
		{975ADD56-CBEF-46ED-88A5-AB3EC7781203}.Release|Any CPU.ActiveCfg = Release|Any CPU
		{975ADD56-CBEF-46ED-88A5-AB3EC7781203}.Release|Any CPU.Build.0 = Release|Any CPU
		{F651B044-3B24-47B3-B596-6509A567AF94}.Debug|Any CPU.ActiveCfg = Debug|Any CPU
		{F651B044-3B24-47B3-B596-6509A567AF94}.Debug|Any CPU.Build.0 = Debug|Any CPU
		{F651B044-3B24-47B3-B596-6509A567AF94}.Release|Any CPU.ActiveCfg = Release|Any CPU
		{F651B044-3B24-47B3-B596-6509A567AF94}.Release|Any CPU.Build.0 = Release|Any CPU
	EndGlobalSection
	GlobalSection(SolutionProperties) = preSolution
		HideSolutionNode = FALSE
	EndGlobalSection
	GlobalSection(ExtensibilityGlobals) = postSolution
		SolutionGuid = {C25C3C86-FBA3-44C9-881D-A38CA19F67A1}
	EndGlobalSection
EndGlobal
